[[package]]
category = "main"
description = "Pure Python MySQL Driver"
name = "pymysql"
optional = false
python-versions = ">=3.6"
version = "1.0.2"

[package.extras]
ed25519 = ["PyNaCl (>=1.4.0)"]
rsa = ["cryptography"]

[metadata]
content-hash = "fb0db9642883aa49baeeabc229893ef3b841eb61ccdcf75bff8ef6e9a5863916"
python-versions = "^3.8"

[metadata.files]
pymysql = [
    {file = "PyMySQL-1.0.2-py3-none-any.whl", hash = "sha256:41fc3a0c5013d5f039639442321185532e3e2c8924687abe6537de157d403641"},
    {file = "PyMySQL-1.0.2.tar.gz", hash = "sha256:816927a350f38d56072aeca5dfb10221fe1dc653745853d30a216637f5d7ad36"},
]
